lockfileVersion: '9.0'

settings:
  autoInstallPeers: true
  excludeLinksFromLockfile: false

importers:

  .:
    dependencies:
      yeoman-generator:
        specifier: ^8.0.2
        version: 8.0.2(@types/node@25.3.5)(@yeoman/types@1.10.3(@types/node@25.3.5)(mem-fs@4.1.4))(mem-fs@4.1.4)

packages:

  '@babel/code-frame@7.29.0':
    resolution: {integrity: sha512-9NhCeYjq9+3uxgdtp20LSiJXJvN0FeCtNGpJxuMFZ1Kv3cWUNb6DOhJwUvcVCzKGR66cw4njwM6hrJLqgOwbcw==}
    engines: {node: '>=6.9.0'}

  '@babel/helper-validator-identifier@7.28.5':
    resolution: {integrity: sha512-qSs4ifwzKJSV39ucNjsvc6WVHs6b7S03sOh2OcHF9UHfVPqWWALUsNUVzhSBiItjRZoLHx7nIarVjqKVusUZ1Q==}
    engines: {node: '>=6.9.0'}

  '@kwsites/file-exists@1.1.1':
    resolution: {integrity: sha512-m9/5YGR18lIwxSFDwfE3oA7bWuq9kdau6ugN4H2rJeyhFQZcG9AgSHkQtSD15a8WvTgfz9aikZMrKPHvbpqFiw==}

  '@kwsites/promise-deferred@1.1.1':
    resolution: {integrity: sha512-GaHYm+c0O9MjZRu0ongGBRbinu8gVAMd2UZjji6jVmqKtZluZnptXGWhz1E8j8D2HJ3f/yMxKAUC0b+57wncIw==}

  '@pnpm/config.env-replace@1.1.0':
    resolution: {integrity: sha512-htyl8TWnKL7K/ESFa1oW2UB5lVDxuF5DpM7tBi6Hu2LNL3mWkIzNLG6N4zoCUP1lCKNxWy/3iu8mS8MvToGd6w==}
    engines: {node: '>=12.22.0'}

  '@pnpm/network.ca-file@1.0.2':
    resolution: {integrity: sha512-YcPQ8a0jwYU9bTdJDpXjMi7Brhkr1mXsXrUJvjqM2mQDgkRiz8jFaQGOdaLxgjtUfQgZhKy/O3cG/YwmgKaxLA==}
    engines: {node: '>=12.22.0'}

  '@pnpm/npm-conf@3.0.2':
    resolution: {integrity: sha512-h104Kh26rR8tm+a3Qkc5S4VLYint3FE48as7+/5oCEcKR2idC/pF1G6AhIXKI+eHPJa/3J9i5z0Al47IeGHPkA==}
    engines: {node: '>=12'}

  '@sec-ant/readable-stream@0.4.1':
    resolution: {integrity: sha512-831qok9r2t8AlxLko40y2ebgSDhenenCatLVeW/uBtnHPyhHOvG0C7TvfgecV+wHzIm5KUICgzmVpWS+IMEAeg==}

  '@sindresorhus/merge-streams@4.0.0':
    resolution: {integrity: sha512-tlqY9xq5ukxTUZBmoOp+m61cqwQD5pHJtFY3Mn8CA8ps6yghLH/Hw8UPdqg4OLmFW3IFlcXnQNmo/dh8HzXYIQ==}
    engines: {node: '>=18'}

  '@types/debug@4.1.12':
    resolution: {integrity: sha512-vIChWdVG3LG1SMxEvI/AK+FWJthlrqlTu7fbrlywTkkaONwk/UAGaULXRlf8vkzFBLVm0zkMdCquhL5aOjhXPQ==}

  '@types/ejs@3.1.5':
    resolution: {integrity: sha512-nv+GSx77ZtXiJzwKdsASqi+YQ5Z7vwHsTP0JY2SiQgjGckkBRKZnk8nIM+7oUZ1VCtuTz0+By4qVR7fqzp/Dfg==}

  '@types/expect@1.20.4':
    resolution: {integrity: sha512-Q5Vn3yjTDyCMV50TB6VRIbQNxSE4OmZR86VSbGaNpfUolm0iePBB4KdEEHmxoY5sT2+2DIvXW0rvMDP2nHZ4Mg==}

  '@types/lodash-es@4.17.12':
    resolution: {integrity: sha512-0NgftHUcV4v34VhXm8QBSftKVXtbkBG3ViCjs6+eJ5a6y6Mi/jiFGPc1sC7QK+9BFhWrURE3EOggmWaSxL9OzQ==}

  '@types/lodash@4.17.24':
    resolution: {integrity: sha512-gIW7lQLZbue7lRSWEFql49QJJWThrTFFeIMJdp3eH4tKoxm1OvEPg02rm4wCCSHS0cL3/Fizimb35b7k8atwsQ==}

  '@types/ms@2.1.0':
    resolution: {integrity: sha512-GsCCIZDE/p3i96vtEqx+7dBUGXrc7zeSK3wwPHIaRThS+9OhWIXRqzs4d6k1SVU8g91DrNRWxWUGhp5KXQb2VA==}

  '@types/node@25.3.5':
    resolution: {integrity: sha512-oX8xrhvpiyRCQkG1MFchB09f+cXftgIXb3a7UUa4Y3wpmZPw5tyZGTLWhlESOLq1Rq6oDlc8npVU2/9xiCuXMA==}

  '@types/normalize-package-data@2.4.4':
    resolution: {integrity: sha512-37i+OaWTh9qeK4LSHPsyRC7NahnGotNuZvjLSgcPzblpHB3rrCJxAOgI5gCdKm7coonsaX1Of0ILiTcnZjbfxA==}

  '@types/picomatch@4.0.2':
    resolution: {integrity: sha512-qHHxQ+P9PysNEGbALT8f8YOSHW0KJu6l2xU8DYY0fu/EmGxXdVnuTLvFUvBgPJMSqXq29SYHveejeAha+4AYgA==}

  '@types/vinyl@2.0.12':
    resolution: {integrity: sha512-Sr2fYMBUVGYq8kj3UthXFAu5UN6ZW+rYr4NACjZQJvHvj+c8lYv0CahmZ2P/r7iUkN44gGUBwqxZkrKXYPb7cw==}

  '@yeoman/namespace@1.0.1':
    resolution: {integrity: sha512-XGdYL0HCoPvrzW7T8bxD6RbCY/B8uvR2jpOzJc/yEwTueKHwoVhjSLjVXkokQAO0LNl8nQFLVZ1aKfr2eFWZeA==}
    engines: {node: ^16.13.0 || >=18.12.0}

  '@yeoman/types@1.10.3':
    resolution: {integrity: sha512-7CusjSigCHm8EvLkkr/5dbPptCVBNyjnTf8etOlfHg9qkjIfulQrIYVB7MThnofh2d7QQz/G+XfTO4mv9pgleQ==}
    engines: {node: ^16.13.0 || >=18.12.0}
    peerDependencies:
      '@types/node': '>=16.18.26'
      '@yeoman/adapter': ^1.6.0 || ^2.0.0-beta.0 || ^3.0.0 || ^4.0.0
      mem-fs: ^3.0.0 || ^4.0.0-beta.1
    peerDependenciesMeta:
      '@yeoman/adapter':
        optional: true
      mem-fs:
        optional: true

  array-differ@4.0.0:
    resolution: {integrity: sha512-Q6VPTLMsmXZ47ENG3V+wQyZS1ZxXMxFyYzA+Z/GMrJ6yIutAIEf9wTyroTzmGjNfox9/h3GdGBCVh43GVFx4Uw==}
    engines: {node: ^12.20.0 || ^14.13.1 || >=16.0.0}

  array-union@3.0.1:
    resolution: {integrity: sha512-1OvF9IbWwaeiM9VhzYXVQacMibxpXOMYVNIvMtKRyX9SImBXpKcFr8XvFDeEslCyuH/t6KRt7HEO94AlP8Iatw==}
    engines: {node: '>=12'}

  async@3.2.6:
    resolution: {integrity: sha512-htCUDlxyyCLMgaM3xXg0C0LW2xqfuQ6p05pCEIsXuyQ+a1koYKTuBMzRNwmybfLgvJDMd0r1LTn4+E0Ti6C2AA==}

  b4a@1.8.0:
    resolution: {integrity: sha512-qRuSmNSkGQaHwNbM7J78Wwy+ghLEYF1zNrSeMxj4Kgw6y33O3mXcQ6Ie9fRvfU/YnxWkOchPXbaLb73TkIsfdg==}
    peerDependencies:
      react-native-b4a: '*'
    peerDependenciesMeta:
      react-native-b4a:
        optional: true

  balanced-match@1.0.2:
    resolution: {integrity: sha512-3oSeUO0TMV67hN1AmbXsK4yaqU7tjiHlbxRDZOpH0KW9+CeX4bRAaX0Anxt0tx2MrpRpWwQaPwIlISEJhYU5Pw==}

  balanced-match@4.0.4:
    resolution: {integrity: sha512-BLrgEcRTwX2o6gGxGOCNyMvGSp35YofuYzw9h1IMTRmKqttAZZVU67bdb9Pr2vUHA8+j3i2tJfjO6C6+4myGTA==}
    engines: {node: 18 || 20 || >=22}

  bare-events@2.8.2:
    resolution: {integrity: sha512-riJjyv1/mHLIPX4RwiK+oW9/4c3TEUeORHKefKAKnZ5kyslbN+HXowtbaVEqt4IMUB7OXlfixcs6gsFeo/jhiQ==}
    peerDependencies:
      bare-abort-controller: '*'
    peerDependenciesMeta:
      bare-abort-controller:
        optional: true

  binaryextensions@6.11.0:
    resolution: {integrity: sha512-sXnYK/Ij80TO3lcqZVV2YgfKN5QjUWIRk/XSm2J/4bd/lPko3lvk0O4ZppH6m+6hB2/GTu+ptNwVFe1xh+QLQw==}
    engines: {node: '>=4'}

  brace-expansion@2.0.2:
    resolution: {integrity: sha512-Jt0vHyM+jmUBqojB7E1NIYadt0vI0Qxjxd2TErW94wDz+E2LAm5vKMXXwg6ZZBTHPuUlDgQHKXvjGBdfcF1ZDQ==}

  brace-expansion@5.0.4:
    resolution: {integrity: sha512-h+DEnpVvxmfVefa4jFbCf5HdH5YMDXRsmKflpf1pILZWRFlTbJpxeU55nJl4Smt5HQaGzg1o6RHFPJaOqnmBDg==}
    engines: {node: 18 || 20 || >=22}

  chalk@5.6.2:
    resolution: {integrity: sha512-7NzBL0rN6fMUW+f7A6Io4h40qQlG+xGmtMxfbnH/K7TAtt8JQWVQK+6g0UXKMeVJoyV5EkkNsErQ8pVD3bLHbA==}
    engines: {node: ^12.17.0 || ^14.13 || >=16.0.0}

  clone@2.1.2:
    resolution: {integrity: sha512-3Pe/CF1Nn94hyhIYpjtiLhdCoEoz0DqQ+988E9gmeEdQZlojxnOb74wctFyuwWQHzqyf9X7C7MG8juUpqBJT8w==}
    engines: {node: '>=0.8'}

  commondir@1.0.1:
    resolution: {integrity: sha512-W9pAhw0ja1Edb5GVdIF1mjZw/ASI0AlShXM83UUGe2DVr5TdAPEA1OA8m/g8zWp9x6On7gqufY+FatDbC3MDQg==}

  config-chain@1.1.13:
    resolution: {integrity: sha512-qj+f8APARXHrM0hraqXYb2/bOVSV4PvJQlNZ/DVj0QrmNM2q2euizkeuVckQ57J+W0mRH6Hvi+k50M4Jul2VRQ==}

  cross-spawn@7.0.6:
    resolution: {integrity: sha512-uV2QOWP2nWzsy2aMp8aRibhi9dlzF5Hgh5SHaB9OiTGEyDTiJJyx0uy51QXdyWbtAHNua4XJzUKca3OzKUd3vA==}
    engines: {node: '>= 8'}

  debug@4.4.3:
    resolution: {integrity: sha512-RGwwWnwQvkVfavKVt22FGLw+xYSdzARwm0ru6DhTVA3umU5hZc28V3kO4stgYryrTlLpuvgI9GiijltAjNbcqA==}
    engines: {node: '>=6.0'}
    peerDependencies:
      supports-color: '*'
    peerDependenciesMeta:
      supports-color:
        optional: true

  deep-extend@0.6.0:
    resolution: {integrity: sha512-LOHxIOaPYdHlJRtCQfDIVZtfw/ufM8+rVj649RIHzcm/vGwQRXFt6OPqIFWsm2XEMrNIEtWR64sY1LEKD2vAOA==}
    engines: {node: '>=4.0.0'}

  editions@6.22.0:
    resolution: {integrity: sha512-UgGlf8IW75je7HZjNDpJdCv4cGJWIi6yumFdZ0R7A8/CIhQiWUjyGLCxdHpd8bmyD1gnkfUNK0oeOXqUS2cpfQ==}
    engines: {ecmascript: '>= es5', node: '>=4'}

  ejs@4.0.1:
    resolution: {integrity: sha512-krvQtxc0btwSm/nvnt1UpnaFDFVJpJ0fdckmALpCgShsr/iGYHTnJiUliZTgmzq/UxTX33TtOQVKaNigMQp/6Q==}
    engines: {node: '>=0.12.18'}
    hasBin: true

  events-universal@1.0.1:
    resolution: {integrity: sha512-LUd5euvbMLpwOF8m6ivPCbhQeSiYVNb8Vs0fQ8QjXo0JTkEHpz8pxdQf0gStltaPpw0Cca8b39KxvK9cfKRiAw==}

  execa@9.6.1:
    resolution: {integrity: sha512-9Be3ZoN4LmYR90tUoVu2te2BsbzHfhJyfEiAVfz7N5/zv+jduIfLrV2xdQXOHbaD6KgpGdO9PRPM1Y4Q9QkPkA==}
    engines: {node: ^18.19.0 || >=20.5.0}

  fast-fifo@1.3.2:
    resolution: {integrity: sha512-/d9sfos4yxzpwkDkuN7k2SqFKtYNmCTzgfEpz82x34IM9/zc8KGxQoXg1liNC/izpRM/MBdt44Nmx41ZWqk+FQ==}

  fdir@6.5.0:
    resolution: {integrity: sha512-tIbYtZbucOs0BRGqPJkshJUYdL+SDH7dVM8gjy+ERp3WAUjLEFJE+02kanyHtwjWOnwrKYBiwAmM0p4kLJAnXg==}
    engines: {node: '>=12.0.0'}
    peerDependencies:
      picomatch: ^3 || ^4
    peerDependenciesMeta:
      picomatch:
        optional: true

  figures@6.1.0:
    resolution: {integrity: sha512-d+l3qxjSesT4V7v2fh+QnmFnUWv9lSpjarhShNTgBOfA0ttejbQUAlHLitbjkoRiDulW0OPoQPYIGhIC8ohejg==}
    engines: {node: '>=18'}

  filelist@1.0.6:
    resolution: {integrity: sha512-5giy2PkLYY1cP39p17Ech+2xlpTRL9HLspOfEgm0L6CwBXBTgsK5ou0JtzYuepxkaQ/tvhCFIJ5uXo0OrM2DxA==}

  find-up-simple@1.0.1:
    resolution: {integrity: sha512-afd4O7zpqHeRyg4PfDQsXmlDe2PfdHtJt6Akt8jOWaApLOZk5JXs6VMR29lz03pRe9mpykrRCYIYxaJYcfpncQ==}
    engines: {node: '>=18'}

  first-chunk-stream@5.0.0:
    resolution: {integrity: sha512-WdHo4ejd2cG2Dl+sLkW79SctU7mUQDfr4s1i26ffOZRs5mgv+BRttIM9gwcq0rDbemo0KlpVPaa3LBVLqPXzcQ==}
    engines: {node: ^12.20.0 || ^14.13.1 || >=16.0.0}

  get-stream@9.0.1:
    resolution: {integrity: sha512-kVCxPF3vQM/N0B1PmoqVUqgHP+EeVjmZSQn+1oCRPxd2P21P2F19lIgbR3HBosbB1PUhOAoctJnfEn2GbN2eZA==}
    engines: {node: '>=18'}

  graceful-fs@4.2.10:
    resolution: {integrity: sha512-9ByhssR2fPVsNZj478qUUbKfmL0+t5BDVyjShtyZZLiK7ZDAArFFfopyOTj0M05wE2tJPisA4iTnnXl2YoPvOA==}

  hosted-git-info@9.0.2:
    resolution: {integrity: sha512-M422h7o/BR3rmCQ8UHi7cyyMqKltdP9Uo+J2fXK+RSAY+wTcKOIRyhTuKv4qn+DJf3g+PL890AzId5KZpX+CBg==}
    engines: {node: ^20.17.0 || >=22.9.0}

  human-signals@8.0.1:
    resolution: {integrity: sha512-eKCa6bwnJhvxj14kZk5NCPc6Hb6BdsU9DZcOnmQKSnO1VKrfV0zCvtttPZUsBvjmNDn8rpcJfpwSYnHBjc95MQ==}
    engines: {node: '>=18.18.0'}

  index-to-position@1.2.0:
    resolution: {integrity: sha512-Yg7+ztRkqslMAS2iFaU+Oa4KTSidr63OsFGlOrJoW981kIYO3CGCS3wA95P1mUi/IVSJkn0D479KTJpVpvFNuw==}
    engines: {node: '>=18'}

  ini@1.3.8:
    resolution: {integrity: sha512-JV/yugV2uzW5iMRSiZAyDtQd+nxtUnjeLt0acNdw98kKLrvuRVyB80tsREOE7yvGVgalhZ6RNXCmEHkUKBKxew==}

  is-plain-obj@4.1.0:
    resolution: {integrity: sha512-+Pgi+vMuUNkJyExiMBt5IlFoMyKnr5zhJ4Uspz58WOhBF5QoIZkFyNHIbBAtHwzVAgk5RtndVNsDRN61/mmDqg==}
    engines: {node: '>=12'}

  is-stream@4.0.1:
    resolution: {integrity: sha512-Dnz92NInDqYckGEUJv689RbRiTSEHCQ7wOVeALbkOz999YpqT46yMRIGtSNl2iCL1waAZSx40+h59NV/EwzV/A==}
    engines: {node: '>=18'}

  is-unicode-supported@2.1.0:
    resolution: {integrity: sha512-mE00Gnza5EEB3Ds0HfMyllZzbBrmLOX3vfWoj9A9PEnTfratQ/BcaJOuMhnkhjXvb2+FkY3VuHqtAGpTPmglFQ==}
    engines: {node: '>=18'}

  is-utf8@0.2.1:
    resolution: {integrity: sha512-rMYPYvCzsXywIsldgLaSoPlw5PfoB/ssr7hY4pLfcodrA5M/eArza1a9VmTiNIBNMjOGr1Ow9mTyU2o69U6U9Q==}

  isbinaryfile@5.0.7:
    resolution: {integrity: sha512-gnWD14Jh3FzS3CPhF0AxNOJ8CxqeblPTADzI38r0wt8ZyQl5edpy75myt08EG2oKvpyiqSqsx+Wkz9vtkbTqYQ==}
    engines: {node: '>= 18.0.0'}

  isexe@2.0.0:
    resolution: {integrity: sha512-RHxMLp9lnKHGHRng9QFhRCMbYAcVpn69smSGcq3f36xjgVVWThj4qqLbTLlq7Ssj8B+fIQ1EuCEGI2lKsyQeIw==}

  jake@10.9.4:
    resolution: {integrity: sha512-wpHYzhxiVQL+IV05BLE2Xn34zW1S223hvjtqk0+gsPrwd/8JNLXJgZZM/iPFsYc1xyphF+6M6EvdE5E9MBGkDA==}
    engines: {node: '>=10'}
    hasBin: true

  js-tokens@4.0.0:
    resolution: {integrity: sha512-RdJUflcE3cUzKiMqQgsCu06FPu9UdIJO0beYbPhHN4k6apgJtifcoCtT9bcxOpYBtpD2kCM6Sbzg4CausW/PKQ==}

  ky@1.14.3:
    resolution: {integrity: sha512-9zy9lkjac+TR1c2tG+mkNSVlyOpInnWdSMiue4F+kq8TwJSgv6o8jhLRg8Ho6SnZ9wOYUq/yozts9qQCfk7bIw==}
    engines: {node: '>=18'}

  latest-version@9.0.0:
    resolution: {integrity: sha512-7W0vV3rqv5tokqkBAFV1LbR7HPOWzXQDpDgEuib/aJ1jsZZx6x3c2mBI+TJhJzOhkGeaLbCKEHXEXLfirtG2JA==}
    engines: {node: '>=18'}

  lodash-es@4.17.23:
    resolution: {integrity: sha512-kVI48u3PZr38HdYz98UmfPnXl2DXrpdctLrFLCd3kOx1xUkOmpFPx7gCWWM5MPkL/fD8zb+Ph0QzjGFs4+hHWg==}

  lru-cache@11.2.6:
    resolution: {integrity: sha512-ESL2CrkS/2wTPfuend7Zhkzo2u0daGJ/A2VucJOgQ/C48S/zB8MMeMHSGKYpXhIjbPxfuezITkaBH1wqv00DDQ==}
    engines: {node: 20 || >=22}

  mem-fs-editor@12.0.3:
    resolution: {integrity: sha512-RVfJmfthkI/2b8Woy0r1HXAq/vKbnIyvfn7y7JdKO9sngIwYKARvqf/XrdOr2eokn+shQi7TLwXHB0ZyMTnjog==}
    engines: {node: '>=20.0.0'}
    peerDependencies:
      '@types/node': '>=20'
      mem-fs: ^4.0.0
    peerDependenciesMeta:
      '@types/node':
        optional: true

  mem-fs@4.1.4:
    resolution: {integrity: sha512-NlRHmUiEcxDHI7FeDlrrTZP5YFvnoS74wEf5OrQ7NAg83B2Rv3oF+FWr961I0rVdxkKbZMjq2BcV7VFWGFPkog==}
    engines: {node: '>=18.0.0'}

  minimatch@10.2.4:
    resolution: {integrity: sha512-oRjTw/97aTBN0RHbYCdtF1MQfvusSIBQM0IZEgzl6426+8jSC0nF1a/GmnVLpfB9yyr6g6FTqWqiZVbxrtaCIg==}
    engines: {node: 18 || 20 || >=22}

  minimatch@5.1.9:
    resolution: {integrity: sha512-7o1wEA2RyMP7Iu7GNba9vc0RWWGACJOCZBJX2GJWip0ikV+wcOsgVuY9uE8CPiyQhkGFSlhuSkZPavN7u1c2Fw==}
    engines: {node: '>=10'}

  minimist@1.2.8:
    resolution: {integrity: sha512-2yyAR8qBkN3YuheJanUpWC5U3bb5osDywNB8RzDVlDwDHbocAJveqqj1u8+SVD7jkWT4yvsHCpWqqWqAxb0zCA==}

  ms@2.1.3:
    resolution: {integrity: sha512-6FlzubTLZG3J2a/NVCAleEhjzq5oxgHyaCU9yYXvcLsvoVaHJq/s5xXI6/XXP6tz7R9xAOtHnSO/tXtF3WRTlA==}

  multimatch@8.0.0:
    resolution: {integrity: sha512-0D10M2/MnEyvoog7tmozlpSqL3HEU1evxUFa3v1dsKYmBDFSP1dLSX4CH2rNjpQ+4Fps8GKmUkCwiKryaKqd9A==}
    engines: {node: '>=20'}

  normalize-package-data@8.0.0:
    resolution: {integrity: sha512-RWk+PI433eESQ7ounYxIp67CYuVsS1uYSonX3kA6ps/3LWfjVQa/ptEg6Y3T6uAMq1mWpX9PQ+qx+QaHpsc7gQ==}
    engines: {node: ^20.17.0 || >=22.9.0}

  normalize-path@3.0.0:
    resolution: {integrity: sha512-6eZs5Ls3WtCisHWp9S2GUy8dqkpGi4BVSz3GaqiE6ezub0512ESztXUwUB6C6IKbQkY2Pnb/mD4WYojCRwcwLA==}
    engines: {node: '>=0.10.0'}

  npm-run-path@6.0.0:
    resolution: {integrity: sha512-9qny7Z9DsQU8Ou39ERsPU4OZQlSTP47ShQzuKZ6PRXpYLtIFgl/DEBYEXKlvcEa+9tHVcK8CF81Y2V72qaZhWA==}
    engines: {node: '>=18'}

  package-json@10.0.1:
    resolution: {integrity: sha512-ua1L4OgXSBdsu1FPb7F3tYH0F48a6kxvod4pLUlGY9COeJAJQNX/sNH2IiEmsxw7lqYiAwrdHMjz1FctOsyDQg==}
    engines: {node: '>=18'}

  parse-json@8.3.0:
    resolution: {integrity: sha512-ybiGyvspI+fAoRQbIPRddCcSTV9/LsJbf0e/S85VLowVGzRmokfneg2kwVW/KU5rOXrPSbF1qAKPMgNTqqROQQ==}
    engines: {node: '>=18'}

  parse-ms@4.0.0:
    resolution: {integrity: sha512-TXfryirbmq34y8QBwgqCVLi+8oA3oWx2eAnSn62ITyEhEYaWRlVZ2DvMM9eZbMs/RfxPu/PK/aBLyGj4IrqMHw==}
    engines: {node: '>=18'}

  path-key@3.1.1:
    resolution: {integrity: sha512-ojmeN0qd+y0jszEtoY48r0Peq5dwMEkIlCOu6Q5f41lfkswXuKtYrhgoTpLnyIcHm24Uhqx+5Tqm2InSwLhE6Q==}
    engines: {node: '>=8'}

  path-key@4.0.0:
    resolution: {integrity: sha512-haREypq7xkM7ErfgIyA0z+Bj4AGKlMSdlQE2jvJo6huWD1EdkKYV+G/T4nq0YEF2vgTT8kqMFKo1uHn950r4SQ==}
    engines: {node: '>=12'}

  picocolors@1.1.1:
    resolution: {integrity: sha512-xceH2snhtb5M9liqDsmEw56le376mTZkEX/jEb/RxNFyegNul7eNslCXP9FDj/Lcu0X8KEyMceP2ntpaHrDEVA==}

  picomatch@4.0.3:
    resolution: {integrity: sha512-5gTmgEY/sqK6gFXLIsQNH19lWb4ebPDLA4SdLP7dsWkIXHWlG66oPuVvXSGFPppYZz8ZDZq0dYYrbHfBCVUb1Q==}
    engines: {node: '>=12'}

  pretty-ms@9.3.0:
    resolution: {integrity: sha512-gjVS5hOP+M3wMm5nmNOucbIrqudzs9v/57bWRHQWLYklXqoXKrVfYW2W9+glfGsqtPgpiz5WwyEEB+ksXIx3gQ==}
    engines: {node: '>=18'}

  proto-list@1.2.4:
    resolution: {integrity: sha512-vtK/94akxsTMhe0/cbfpR+syPuszcuwhqVjJq26CuNDgFGj682oRBXOP5MJpv2r7JtE8MsiepGIqvvOTBwn2vA==}

  rc@1.2.8:
    resolution: {integrity: sha512-y3bGgqKj3QBdxLbLkomlohkvsA8gdAiUQlSBJnBhfn+BPxg4bc62d8TcBW15wavDfgexCgccckhcZvywyQYPOw==}
    hasBin: true

  read-package-up@12.0.0:
    resolution: {integrity: sha512-Q5hMVBYur/eQNWDdbF4/Wqqr9Bjvtrw2kjGxxBbKLbx8bVCL8gcArjTy8zDUuLGQicftpMuU0riQNcAsbtOVsw==}
    engines: {node: '>=20'}

  read-pkg@10.1.0:
    resolution: {integrity: sha512-I8g2lArQiP78ll51UeMZojewtYgIRCKCWqZEgOO8c/uefTI+XDXvCSXu3+YNUaTNvZzobrL5+SqHjBrByRRTdg==}
    engines: {node: '>=20'}

  registry-auth-token@5.1.1:
    resolution: {integrity: sha512-P7B4+jq8DeD2nMsAcdfaqHbssgHtZ7Z5+++a5ask90fvmJ8p5je4mOa+wzu+DB4vQ5tdJV/xywY+UnVFeQLV5Q==}
    engines: {node: '>=14'}

  registry-url@6.0.1:
    resolution: {integrity: sha512-+crtS5QjFRqFCoQmvGduwYWEBng99ZvmFvF+cUJkGYF1L1BfU8C6Zp9T7f5vPAwyLkUExpvK+ANVZmGU49qi4Q==}
    engines: {node: '>=12'}

  remove-trailing-separator@1.1.0:
    resolution: {integrity: sha512-/hS+Y0u3aOfIETiaiirUFwDBDzmXPvO+jAfKTitUngIPzdKc6Z0LoFjM/CK5PL4C+eKwHohlHAb6H0VFfmmUsw==}

  replace-ext@2.0.0:
    resolution: {integrity: sha512-UszKE5KVK6JvyD92nzMn9cDapSk6w/CaFZ96CnmDMUqH9oowfxF/ZjRITD25H4DnOQClLA4/j7jLGXXLVKxAug==}
    engines: {node: '>= 10'}

  semver@7.7.4:
    resolution: {integrity: sha512-vFKC2IEtQnVhpT78h1Yp8wzwrf8CM+MzKMHGJZfBtzhZNycRFnXsHk6E5TxIkkMsgNS7mdX3AGB7x2QM2di4lA==}
    engines: {node: '>=10'}
    hasBin: true

  shebang-command@2.0.0:
    resolution: {integrity: sha512-kHxr2zZpYtdmrN1qDjrrX/Z1rR1kG8Dx+gkpK1G4eXmvXswmcE1hTWBWYUzlraYw1/yZp6YuDY77YtvbN0dmDA==}
    engines: {node: '>=8'}

  shebang-regex@3.0.0:
    resolution: {integrity: sha512-7++dFhtcx3353uBaq8DDR4NuxBetBzC7ZQOhmTQInHEd6bSrXdiEyzCvG07Z44UYdLShWUyXt5M/yhz8ekcb1A==}
    engines: {node: '>=8'}

  signal-exit@4.1.0:
    resolution: {integrity: sha512-bzyZ1e88w9O1iNJbKnOlvYTrWPDl46O1bG0D3XInv+9tkPrxrN8jUUTiFlDkkmKWgn1M6CfIA13SuGqOa9Korw==}
    engines: {node: '>=14'}

  simple-git@3.32.3:
    resolution: {integrity: sha512-56a5oxFdWlsGygOXHWrG+xjj5w9ZIt2uQbzqiIGdR/6i5iococ7WQ/bNPzWxCJdEUGUCmyMH0t9zMpRJTaKxmw==}

  sort-keys@6.0.0:
    resolution: {integrity: sha512-ueSlHJMwpIw42CJ4B11Uxzh/S0p0AlOyiNktlv2KOu5e1JpUE6DlC4AAUjXqesHdBRv/g0wC9Q4vwq0NP2pA9w==}
    engines: {node: '>=20'}

  spdx-correct@3.2.0:
    resolution: {integrity: sha512-kN9dJbvnySHULIluDHy32WHRUu3Og7B9sbY7tsFLctQkIqnMh3hErYgdMjTYuqmcXX+lK5T1lnUt3G7zNswmZA==}

  spdx-exceptions@2.5.0:
    resolution: {integrity: sha512-PiU42r+xO4UbUS1buo3LPJkjlO7430Xn5SVAhdpzzsPHsjbYVflnnFdATgabnLude+Cqu25p6N+g2lw/PFsa4w==}

  spdx-expression-parse@3.0.1:
    resolution: {integrity: sha512-cbqHunsQWnJNE6KhVSMsMeH5H/L9EpymbzqTQ3uLwNCLZ1Q481oWaofqH7nO6V07xlXwY6PhQdQ2IedWx/ZK4Q==}

  spdx-license-ids@3.0.23:
    resolution: {integrity: sha512-CWLcCCH7VLu13TgOH+r8p1O/Znwhqv/dbb6lqWy67G+pT1kHmeD/+V36AVb/vq8QMIQwVShJ6Ssl5FPh0fuSdw==}

  streamx@2.23.0:
    resolution: {integrity: sha512-kn+e44esVfn2Fa/O0CPFcex27fjIL6MkVae0Mm6q+E6f0hWv578YCERbv+4m02cjxvDsPKLnmxral/rR6lBMAg==}

  strip-bom-buf@3.0.1:
    resolution: {integrity: sha512-iJaWw2WroigLHzQysdc5WWeUc99p7ea7AEgB6JkY8CMyiO1yTVAA1gIlJJgORElUIR+lcZJkNl1OGChMhvc2Cw==}
    engines: {node: ^12.20.0 || ^14.13.1 || >=16.0.0}

  strip-bom-stream@5.0.0:
    resolution: {integrity: sha512-Yo472mU+3smhzqeKlIxClre4s4pwtYZEvDNQvY/sJpnChdaxmKuwU28UVx/v1ORKNMxkmj1GBuvxJQyBk6wYMQ==}
    engines: {node: ^12.20.0 || ^14.13.1 || >=16.0.0}

  strip-final-newline@4.0.0:
    resolution: {integrity: sha512-aulFJcD6YK8V1G7iRB5tigAP4TsHBZZrOV8pjV++zdUwmeV8uzbY7yn6h9MswN62adStNZFuCIx4haBnRuMDaw==}
    engines: {node: '>=18'}

  strip-json-comments@2.0.1:
    resolution: {integrity: sha512-4gB8na07fecVVkOI6Rs4e7T6NOTki5EmL7TUduTs6bu3EdnSycntVJ4re8kgZA+wx9IueI2Y11bfbgwtzuE0KQ==}
    engines: {node: '>=0.10.0'}

  tagged-tag@1.0.0:
    resolution: {integrity: sha512-yEFYrVhod+hdNyx7g5Bnkkb0G6si8HJurOoOEgC8B/O0uXLHlaey/65KRv6cuWBNhBgHKAROVpc7QyYqE5gFng==}
    engines: {node: '>=20'}

  teex@1.0.1:
    resolution: {integrity: sha512-eYE6iEI62Ni1H8oIa7KlDU6uQBtqr4Eajni3wX7rpfXD8ysFx8z0+dri+KWEPWpBsxXfxu58x/0jvTVT1ekOSg==}

  text-decoder@1.2.7:
    resolution: {integrity: sha512-vlLytXkeP4xvEq2otHeJfSQIRyWxo/oZGEbXrtEEF9Hnmrdly59sUbzZ/QgyWuLYHctCHxFF4tRQZNQ9k60ExQ==}

  text-table@0.2.0:
    resolution: {integrity: sha512-N+8UisAXDGk8PFXP4HAzVR9nbfmVJ3zYLAWiTIoqC5v5isinhr+r5uaO8+7r3BMfuNIufIsA7RdpVgacC2cSpw==}

  textextensions@6.11.0:
    resolution: {integrity: sha512-tXJwSr9355kFJI3lbCkPpUH5cP8/M0GGy2xLO34aZCjMXBaK3SoPnZwr/oWmo1FdCnELcs4npdCIOFtq9W3ruQ==}
    engines: {node: '>=4'}

  tinyglobby@0.2.15:
    resolution: {integrity: sha512-j2Zq4NyQYG5XMST4cbs02Ak8iJUdxRM0XI5QyxXuZOzKOINmWurp3smXu3y5wDcJrptwpSjgXHzIQxR0omXljQ==}
    engines: {node: '>=12.0.0'}

  type-fest@4.41.0:
    resolution: {integrity: sha512-TeTSQ6H5YHvpqVwBRcnLDCBnDOHWYu7IvGbHT6N8AOymcr9PJGjc1GTtiWZTYg0NCgYwvnYWEkVChQAr9bjfwA==}
    engines: {node: '>=16'}

  type-fest@5.4.4:
    resolution: {integrity: sha512-JnTrzGu+zPV3aXIUhnyWJj4z/wigMsdYajGLIYakqyOW1nPllzXEJee0QQbHj+CTIQtXGlAjuK0UY+2xTyjVAw==}
    engines: {node: '>=20'}

  undici-types@7.18.2:
    resolution: {integrity: sha512-AsuCzffGHJybSaRrmr5eHr81mwJU3kjw6M+uprWvCXiNeN9SOGwQ3Jn8jb8m3Z6izVgknn1R0FTCEAP2QrLY/w==}

  unicorn-magic@0.3.0:
    resolution: {integrity: sha512-+QBBXBCvifc56fsbuxZQ6Sic3wqqc3WWaqxs58gvJrcOuN83HGTCwz3oS5phzU9LthRNE9VrJCFCLUgHeeFnfA==}
    engines: {node: '>=18'}

  unicorn-magic@0.4.0:
    resolution: {integrity: sha512-wH590V9VNgYH9g3lH9wWjTrUoKsjLF6sGLjhR4sH1LWpLmCOH0Zf7PukhDA8BiS7KHe4oPNkcTHqYkj7SOGUOw==}
    engines: {node: '>=20'}

  validate-npm-package-license@3.0.4:
    resolution: {integrity: sha512-DpKm2Ui/xN7/HQKCtpZxoRWBhZ9Z0kqtygG8XCgNQ8ZlDnxuQmWhj566j8fN4Cu3/JmbhsDo7fcAJq4s9h27Ew==}

  version-range@4.15.0:
    resolution: {integrity: sha512-Ck0EJbAGxHwprkzFO966t4/5QkRuzh+/I1RxhLgUKKwEn+Cd8NwM60mE3AqBZg5gYODoXW0EFsQvbZjRlvdqbg==}
    engines: {node: '>=4'}

  vinyl-file@5.0.0:
    resolution: {integrity: sha512-MvkPF/yA1EX7c6p+juVIvp9+Lxp70YUfNKzEWeHMKpUNVSnTZh2coaOqLxI0pmOe2V9nB+OkgFaMDkodaJUyGw==}
    engines: {node: '>=14.16'}

  vinyl@3.0.1:
    resolution: {integrity: sha512-0QwqXteBNXgnLCdWdvPQBX6FXRHtIH3VhJPTd5Lwn28tJXc34YqSCWUmkOvtJHBmB3gGoPtrOKk3Ts8/kEZ9aA==}
    engines: {node: '>=10.13.0'}

  which@2.0.2:
    resolution: {integrity: sha512-BLI3Tl1TW3Pvl70l3yq3Y64i+awpwXqsGBYWkkqMtnbXgrMD+yj7rhW0kuEDxzJaYXGjEW5ogapKNMEKNMjibA==}
    engines: {node: '>= 8'}
    hasBin: true

  yeoman-generator@8.0.2:
    resolution: {integrity: sha512-hP7gsvXc3cGnrGzT37/mShPMEvctNsLAAlLmAbKnj7gM2GLoSmhklkx7P3XXMf3uup+ganzDurMobiUeiXj5hA==}
    engines: {node: ^20.17.0 || >=22.9.0}
    peerDependencies:
      '@types/node': '>=20.19.35'
      '@yeoman/types': ^1.1.1
      mem-fs: ^4.0.0
    peerDependenciesMeta:
      '@types/node':
        optional: true

  yoctocolors@2.1.2:
    resolution: {integrity: sha512-CzhO+pFNo8ajLM2d2IW/R93ipy99LWjtwblvC1RsoSUMZgyLbYFr221TnSNT7GjGdYui6P459mw9JH/g/zW2ug==}
    engines: {node: '>=18'}

snapshots:

  '@babel/code-frame@7.29.0':
    dependencies:
      '@babel/helper-validator-identifier': 7.28.5
      js-tokens: 4.0.0
      picocolors: 1.1.1

  '@babel/helper-validator-identifier@7.28.5': {}

  '@kwsites/file-exists@1.1.1':
    dependencies:
      debug: 4.4.3
    transitivePeerDependencies:
      - supports-color

  '@kwsites/promise-deferred@1.1.1': {}

  '@pnpm/config.env-replace@1.1.0': {}

  '@pnpm/network.ca-file@1.0.2':
    dependencies:
      graceful-fs: 4.2.10

  '@pnpm/npm-conf@3.0.2':
    dependencies:
      '@pnpm/config.env-replace': 1.1.0
      '@pnpm/network.ca-file': 1.0.2
      config-chain: 1.1.13

  '@sec-ant/readable-stream@0.4.1': {}

  '@sindresorhus/merge-streams@4.0.0': {}

  '@types/debug@4.1.12':
    dependencies:
      '@types/ms': 2.1.0

  '@types/ejs@3.1.5': {}

  '@types/expect@1.20.4': {}

  '@types/lodash-es@4.17.12':
    dependencies:
      '@types/lodash': 4.17.24

  '@types/lodash@4.17.24': {}

  '@types/ms@2.1.0': {}

  '@types/node@25.3.5':
    dependencies:
      undici-types: 7.18.2

  '@types/normalize-package-data@2.4.4': {}

  '@types/picomatch@4.0.2': {}

  '@types/vinyl@2.0.12':
    dependencies:
      '@types/expect': 1.20.4
      '@types/node': 25.3.5

  '@yeoman/namespace@1.0.1': {}

  '@yeoman/types@1.10.3(@types/node@25.3.5)(mem-fs@4.1.4)':
    dependencies:
      '@types/node': 25.3.5
    optionalDependencies:
      mem-fs: 4.1.4

  array-differ@4.0.0: {}

  array-union@3.0.1: {}

  async@3.2.6: {}

  b4a@1.8.0: {}

  balanced-match@1.0.2: {}

  balanced-match@4.0.4: {}

  bare-events@2.8.2: {}

  binaryextensions@6.11.0:
    dependencies:
      editions: 6.22.0

  brace-expansion@2.0.2:
    dependencies:
      balanced-match: 1.0.2

  brace-expansion@5.0.4:
    dependencies:
      balanced-match: 4.0.4

  chalk@5.6.2: {}

  clone@2.1.2: {}

  commondir@1.0.1: {}

  config-chain@1.1.13:
    dependencies:
      ini: 1.3.8
      proto-list: 1.2.4

  cross-spawn@7.0.6:
    dependencies:
      path-key: 3.1.1
      shebang-command: 2.0.0
      which: 2.0.2

  debug@4.4.3:
    dependencies:
      ms: 2.1.3

  deep-extend@0.6.0: {}

  editions@6.22.0:
    dependencies:
      version-range: 4.15.0

  ejs@4.0.1:
    dependencies:
      jake: 10.9.4

  events-universal@1.0.1:
    dependencies:
      bare-events: 2.8.2
    transitivePeerDependencies:
      - bare-abort-controller

  execa@9.6.1:
    dependencies:
      '@sindresorhus/merge-streams': 4.0.0
      cross-spawn: 7.0.6
      figures: 6.1.0
      get-stream: 9.0.1
      human-signals: 8.0.1
      is-plain-obj: 4.1.0
      is-stream: 4.0.1
      npm-run-path: 6.0.0
      pretty-ms: 9.3.0
      signal-exit: 4.1.0
      strip-final-newline: 4.0.0
      yoctocolors: 2.1.2

  fast-fifo@1.3.2: {}

  fdir@6.5.0(picomatch@4.0.3):
    optionalDependencies:
      picomatch: 4.0.3

  figures@6.1.0:
    dependencies:
      is-unicode-supported: 2.1.0

  filelist@1.0.6:
    dependencies:
      minimatch: 5.1.9

  find-up-simple@1.0.1: {}

  first-chunk-stream@5.0.0: {}

  get-stream@9.0.1:
    dependencies:
      '@sec-ant/readable-stream': 0.4.1
      is-stream: 4.0.1

  graceful-fs@4.2.10: {}

  hosted-git-info@9.0.2:
    dependencies:
      lru-cache: 11.2.6

  human-signals@8.0.1: {}

  index-to-position@1.2.0: {}

  ini@1.3.8: {}

  is-plain-obj@4.1.0: {}

  is-stream@4.0.1: {}

  is-unicode-supported@2.1.0: {}

  is-utf8@0.2.1: {}

  isbinaryfile@5.0.7: {}

  isexe@2.0.0: {}

  jake@10.9.4:
    dependencies:
      async: 3.2.6
      filelist: 1.0.6
      picocolors: 1.1.1

  js-tokens@4.0.0: {}

  ky@1.14.3: {}

  latest-version@9.0.0:
    dependencies:
      package-json: 10.0.1

  lodash-es@4.17.23: {}

  lru-cache@11.2.6: {}

  mem-fs-editor@12.0.3(@types/node@25.3.5)(mem-fs@4.1.4):
    dependencies:
      '@types/ejs': 3.1.5
      '@types/picomatch': 4.0.2
      binaryextensions: 6.11.0
      commondir: 1.0.1
      debug: 4.4.3
      deep-extend: 0.6.0
      ejs: 4.0.1
      isbinaryfile: 5.0.7
      mem-fs: 4.1.4
      minimatch: 10.2.4
      multimatch: 8.0.0
      normalize-path: 3.0.0
      textextensions: 6.11.0
      tinyglobby: 0.2.15
      vinyl: 3.0.1
    optionalDependencies:
      '@types/node': 25.3.5
    transitivePeerDependencies:
      - bare-abort-controller
      - react-native-b4a
      - supports-color

  mem-fs@4.1.4:
    dependencies:
      '@types/node': 25.3.5
      '@types/vinyl': 2.0.12
      vinyl: 3.0.1
      vinyl-file: 5.0.0
    transitivePeerDependencies:
      - bare-abort-controller
      - react-native-b4a

  minimatch@10.2.4:
    dependencies:
      brace-expansion: 5.0.4

  minimatch@5.1.9:
    dependencies:
      brace-expansion: 2.0.2

  minimist@1.2.8: {}

  ms@2.1.3: {}

  multimatch@8.0.0:
    dependencies:
      array-differ: 4.0.0
      array-union: 3.0.1
      minimatch: 10.2.4

  normalize-package-data@8.0.0:
    dependencies:
      hosted-git-info: 9.0.2
      semver: 7.7.4
      validate-npm-package-license: 3.0.4

  normalize-path@3.0.0: {}

  npm-run-path@6.0.0:
    dependencies:
      path-key: 4.0.0
      unicorn-magic: 0.3.0

  package-json@10.0.1:
    dependencies:
      ky: 1.14.3
      registry-auth-token: 5.1.1
      registry-url: 6.0.1
      semver: 7.7.4

  parse-json@8.3.0:
    dependencies:
      '@babel/code-frame': 7.29.0
      index-to-position: 1.2.0
      type-fest: 4.41.0

  parse-ms@4.0.0: {}

  path-key@3.1.1: {}

  path-key@4.0.0: {}

  picocolors@1.1.1: {}

  picomatch@4.0.3: {}

  pretty-ms@9.3.0:
    dependencies:
      parse-ms: 4.0.0

  proto-list@1.2.4: {}

  rc@1.2.8:
    dependencies:
      deep-extend: 0.6.0
      ini: 1.3.8
      minimist: 1.2.8
      strip-json-comments: 2.0.1

  read-package-up@12.0.0:
    dependencies:
      find-up-simple: 1.0.1
      read-pkg: 10.1.0
      type-fest: 5.4.4

  read-pkg@10.1.0:
    dependencies:
      '@types/normalize-package-data': 2.4.4
      normalize-package-data: 8.0.0
      parse-json: 8.3.0
      type-fest: 5.4.4
      unicorn-magic: 0.4.0

  registry-auth-token@5.1.1:
    dependencies:
      '@pnpm/npm-conf': 3.0.2

  registry-url@6.0.1:
    dependencies:
      rc: 1.2.8

  remove-trailing-separator@1.1.0: {}

  replace-ext@2.0.0: {}

  semver@7.7.4: {}

  shebang-command@2.0.0:
    dependencies:
      shebang-regex: 3.0.0

  shebang-regex@3.0.0: {}

  signal-exit@4.1.0: {}

  simple-git@3.32.3:
    dependencies:
      '@kwsites/file-exists': 1.1.1
      '@kwsites/promise-deferred': 1.1.1
      debug: 4.4.3
    transitivePeerDependencies:
      - supports-color

  sort-keys@6.0.0:
    dependencies:
      is-plain-obj: 4.1.0

  spdx-correct@3.2.0:
    dependencies:
      spdx-expression-parse: 3.0.1
      spdx-license-ids: 3.0.23

  spdx-exceptions@2.5.0: {}

  spdx-expression-parse@3.0.1:
    dependencies:
      spdx-exceptions: 2.5.0
      spdx-license-ids: 3.0.23

  spdx-license-ids@3.0.23: {}

  streamx@2.23.0:
    dependencies:
      events-universal: 1.0.1
      fast-fifo: 1.3.2
      text-decoder: 1.2.7
    transitivePeerDependencies:
      - bare-abort-controller
      - react-native-b4a

  strip-bom-buf@3.0.1:
    dependencies:
      is-utf8: 0.2.1

  strip-bom-stream@5.0.0:
    dependencies:
      first-chunk-stream: 5.0.0
      strip-bom-buf: 3.0.1

  strip-final-newline@4.0.0: {}

  strip-json-comments@2.0.1: {}

  tagged-tag@1.0.0: {}

  teex@1.0.1:
    dependencies:
      streamx: 2.23.0
    transitivePeerDependencies:
      - bare-abort-controller
      - react-native-b4a

  text-decoder@1.2.7:
    dependencies:
      b4a: 1.8.0
    transitivePeerDependencies:
      - react-native-b4a

  text-table@0.2.0: {}

  textextensions@6.11.0:
    dependencies:
      editions: 6.22.0

  tinyglobby@0.2.15:
    dependencies:
      fdir: 6.5.0(picomatch@4.0.3)
      picomatch: 4.0.3

  type-fest@4.41.0: {}

  type-fest@5.4.4:
    dependencies:
      tagged-tag: 1.0.0

  undici-types@7.18.2: {}

  unicorn-magic@0.3.0: {}

  unicorn-magic@0.4.0: {}

  validate-npm-package-license@3.0.4:
    dependencies:
      spdx-correct: 3.2.0
      spdx-expression-parse: 3.0.1

  version-range@4.15.0: {}

  vinyl-file@5.0.0:
    dependencies:
      '@types/vinyl': 2.0.12
      strip-bom-buf: 3.0.1
      strip-bom-stream: 5.0.0
      vinyl: 3.0.1
    transitivePeerDependencies:
      - bare-abort-controller
      - react-native-b4a

  vinyl@3.0.1:
    dependencies:
      clone: 2.1.2
      remove-trailing-separator: 1.1.0
      replace-ext: 2.0.0
      teex: 1.0.1
    transitivePeerDependencies:
      - bare-abort-controller
      - react-native-b4a

  which@2.0.2:
    dependencies:
      isexe: 2.0.0

  yeoman-generator@8.0.2(@types/node@25.3.5)(@yeoman/types@1.10.3(@types/node@25.3.5)(mem-fs@4.1.4))(mem-fs@4.1.4):
    dependencies:
      '@types/debug': 4.1.12
      '@types/lodash-es': 4.17.12
      '@yeoman/namespace': 1.0.1
      '@yeoman/types': 1.10.3(@types/node@25.3.5)(mem-fs@4.1.4)
      chalk: 5.6.2
      debug: 4.4.3
      execa: 9.6.1
      latest-version: 9.0.0
      lodash-es: 4.17.23
      mem-fs: 4.1.4
      mem-fs-editor: 12.0.3(@types/node@25.3.5)(mem-fs@4.1.4)
      minimist: 1.2.8
      read-package-up: 12.0.0
      semver: 7.7.4
      simple-git: 3.32.3
      sort-keys: 6.0.0
      text-table: 0.2.0
      type-fest: 5.4.4
    optionalDependencies:
      '@types/node': 25.3.5
    transitivePeerDependencies:
      - bare-abort-controller
      - react-native-b4a
      - supports-color

  yoctocolors@2.1.2: {}
